
Microsoft Visual Studio Solution File, Format Version 12.00
# Visual Studio Version 17
VisualStudioVersion = 17.6.35230.93
MinimumVisualStudioVersion = 10.0.40219.1
Project("{FAE04EC0-301F-11D3-BF4B-00C04F79EFBC}") = "ConsoleAppSerialMonitor", "ConsoleAppSerialMonitor\ConsoleAppSerialMonitor.csproj", "{EE0ADE1B-45E6-4E56-8180-2515C5E57EA3}"
EndProject
Global
	GlobalSection(SolutionConfigurationPlatforms) = preSolution
		Debug|Any CPU = Debug|Any CPU
		Release|Any CPU = Release|Any CPU
	EndGlobalSection
	GlobalSection(ProjectConfigurationPlatforms) = postSolution
		{EE0ADE1B-45E6-4E56-8180-2515C5E57EA3}.Debug|Any CPU.ActiveCfg = Debug|Any CPU
		{EE0ADE1B-45E6-4E56-8180-2515C5E57EA3}.Debug|Any CPU.Build.0 = Debug|Any CPU
		{EE0ADE1B-45E6-4E56-8180-2515C5E57EA3}.Release|Any CPU.ActiveCfg = Release|Any CPU
		{EE0ADE1B-45E6-4E56-8180-2515C5E57EA3}.Release|Any CPU.Build.0 = Release|Any CPU
	EndGlobalSection
	GlobalSection(SolutionProperties) = preSolution
		HideSolutionNode = FALSE
	EndGlobalSection
	GlobalSection(ExtensibilityGlobals) = postSolution
		SolutionGuid = {B1CD507C-8019-4477-9A8E-821B799094AF}
	EndGlobalSection
EndGlobal
